{
  "pins" : [
    {
      "identity" : "purchases-ios",
      "kind" : "remoteSourceControl",
      "location" : "https://github.com/RevenueCat/purchases-ios.git",
      "state" : {
        "revision" : "b8d20ba1c8e13cc73d72e37cf98607d01fd357b6",
        "version" : "4.31.2"
      }
    }
  ],
  "version" : 2
}
